
Microsoft Visual Studio Solution File, Format Version 12.00
# Visual Studio Version 16
VisualStudioVersion = 16.0.29728.190
MinimumVisualStudioVersion = 10.0.40219.1
Project("{FAE04EC0-301F-11D3-BF4B-00C04F79EFBC}") = "polymorphism", "polymorphism\polymorphism.csproj", "{14070131-32F4-4E72-BE0E-5EB9F5C108C0}"
EndProject
Global
	GlobalSection(SolutionConfigurationPlatforms) = preSolution
		Debug|Any CPU = Debug|Any CPU
		Release|Any CPU = Release|Any CPU
	EndGlobalSection
	GlobalSection(ProjectConfigurationPlatforms) = postSolution
		{14070131-32F4-4E72-BE0E-5EB9F5C108C0}.Debug|Any CPU.ActiveCfg = Debug|Any CPU
		{14070131-32F4-4E72-BE0E-5EB9F5C108C0}.Debug|Any CPU.Build.0 = Debug|Any CPU
		{14070131-32F4-4E72-BE0E-5EB9F5C108C0}.Release|Any CPU.ActiveCfg = Release|Any CPU
		{14070131-32F4-4E72-BE0E-5EB9F5C108C0}.Release|Any CPU.Build.0 = Release|Any CPU
	EndGlobalSection
	GlobalSection(SolutionProperties) = preSolution
		HideSolutionNode = FALSE
	EndGlobalSection
	GlobalSection(ExtensibilityGlobals) = postSolution
		SolutionGuid = {4FE42220-FB43-406A-8047-884E21A70255}
	EndGlobalSection
EndGlobal
